# THIS IS AN AUTOGENERATED FILE. DO NOT EDIT THIS FILE DIRECTLY.
# yarn lockfile v1
class.extend@0.9.2:
  version "0.9.2"
  resolved "https://registry.yarnpkg.com/class.extend/-/class.extend-0.9.2.tgz#e1cbda3697cb31d3cdab1c001d269075c9031f78"

q@1.4.1:
  version "1.4.1"
  resolved "https://registry.yarnpkg.com/q/-/q-1.4.1.tgz#55705bcd93c5f3673530c2c2cbc0c2b3addc286e"

serverless-plugin-write-env-vars@^1.0.1:
  version "1.0.1"
  resolved "https://registry.yarnpkg.com/serverless-plugin-write-env-vars/-/serverless-plugin-write-env-vars-1.0.1.tgz#0806ace52b87e6dc4a38304f459f852efb060d60"
  dependencies:
    class.extend "0.9.2"
    q "1.4.1"
    underscore "1.8.3"

underscore@1.8.3:
  version "1.8.3"
  resolved "https://registry.yarnpkg.com/underscore/-/underscore-1.8.3.tgz#4f3fb53b106e6097fcf9cb4109f2a5e9bdfa5022"

